// !$*UTF8*$!
{
	archiveVersion = 1;
	classes = {
	};
	objectVersion = 56;
	objects = {

/* Begin PBXBuildFile section */
		25230F5D298B1ED80003C113 /* StatusManager.m in Sources */ = {isa = PBXBuildFile; fileRef = 25230F5C298B1ED80003C113 /* StatusManager.m */; };
		25230F5F298B20900003C113 /* StatusSetter16.m in Sources */ = {isa = PBXBuildFile; fileRef = 25230F5E298B20900003C113 /* StatusSetter16.m */; };
		25230F61298B20A10003C113 /* StatusSetter14.m in Sources */ = {isa = PBXBuildFile; fileRef = 25230F60298B20A10003C113 /* StatusSetter14.m */; };
		25230F6C298B34700003C113 /* vm_unaligned_copy_switch_race.c in Sources */ = {isa = PBXBuildFile; fileRef = 25230F66298B34700003C113 /* vm_unaligned_copy_switch_race.c */; };
		25230F6D298B34700003C113 /* grant_full_disk_access.m in Sources */ = {isa = PBXBuildFile; fileRef = 25230F67298B34700003C113 /* grant_full_disk_access.m */; };
		25230F6E298B34700003C113 /* helpers.m in Sources */ = {isa = PBXBuildFile; fileRef = 25230F68298B34700003C113 /* helpers.m */; };
		257348482988BECD00308413 /* StatusMagicApp.swift in Sources */ = {isa = PBXBuildFile; fileRef = 257348472988BECD00308413 /* StatusMagicApp.swift */; };
		2573484A2988BECD00308413 /* ContentView.swift in Sources */ = {isa = PBXBuildFile; fileRef = 257348492988BECD00308413 /* ContentView.swift */; };
		2573484C2988BECE00308413 /* Assets.xcassets in Resources */ = {isa = PBXBuildFile; fileRef = 2573484B2988BECE00308413 /* Assets.xcassets */; };
		2573484F2988BECE00308413 /* Preview Assets.xcassets in Resources */ = {isa = PBXBuildFile; fileRef = 2573484E2988BECE00308413 /* Preview Assets.xcassets */; };
		25941882298D2F8D00727EFA /* StatusSetter16_1.m in Sources */ = {isa = PBXBuildFile; fileRef = 25941881298D2F8D00727EFA /* StatusSetter16_1.m */; };
		25CDCA522989C53F0019B3E8 /* StatusSetter15.m in Sources */ = {isa = PBXBuildFile; fileRef = 25CDCA422989C53E0019B3E8 /* StatusSetter15.m */; };
		25E790B52989F0E200CBC97E /* Alert++.swift in Sources */ = {isa = PBXBuildFile; fileRef = 25E790B42989F0E200CBC97E /* Alert++.swift */; };
/* End PBXBuildFile section */

/* Begin PBXFileReference section */
		25230F5B298B1BBF0003C113 /* StatusSetter.h */ = {isa = PBXFileReference; lastKnownFileType = sourcecode.c.h; path = StatusSetter.h; sourceTree = "<group>"; };
		25230F5C298B1ED80003C113 /* StatusManager.m */ = {isa = PBXFileReference; lastKnownFileType = sourcecode.c.objc; path = StatusManager.m; sourceTree = "<group>"; };
		25230F5E298B20900003C113 /* StatusSetter16.m */ = {isa = PBXFileReference; lastKnownFileType = sourcecode.c.objc; path = StatusSetter16.m; sourceTree = "<group>"; };
		25230F60298B20A10003C113 /* StatusSetter14.m */ = {isa = PBXFileReference; lastKnownFileType = sourcecode.c.objc; path = StatusSetter14.m; sourceTree = "<group>"; };
		25230F62298B20AB0003C113 /* StatusSetter16.h */ = {isa = PBXFileReference; lastKnownFileType = sourcecode.c.h; path = StatusSetter16.h; sourceTree = "<group>"; };
		25230F63298B20B60003C113 /* StatusSetter14.h */ = {isa = PBXFileReference; lastKnownFileType = sourcecode.c.h; path = StatusSetter14.h; sourceTree = "<group>"; };
		25230F64298B21CC0003C113 /* StatusManager.h */ = {isa = PBXFileReference; lastKnownFileType = sourcecode.c.h; path = StatusManager.h; sourceTree = "<group>"; };
		25230F66298B34700003C113 /* vm_unaligned_copy_switch_race.c */ = {isa = PBXFileReference; fileEncoding = 4; lastKnownFileType = sourcecode.c.c; path = vm_unaligned_copy_switch_race.c; sourceTree = "<group>"; };
		25230F67298B34700003C113 /* grant_full_disk_access.m */ = {isa = PBXFileReference; fileEncoding = 4; lastKnownFileType = sourcecode.c.objc; path = grant_full_disk_access.m; sourceTree = "<group>"; };
		25230F68298B34700003C113 /* helpers.m */ = {isa = PBXFileReference; fileEncoding = 4; lastKnownFileType = sourcecode.c.objc; path = helpers.m; sourceTree = "<group>"; };
		25230F69298B34700003C113 /* vm_unaligned_copy_switch_race.h */ = {isa = PBXFileReference; fileEncoding = 4; lastKnownFileType = sourcecode.c.h; path = vm_unaligned_copy_switch_race.h; sourceTree = "<group>"; };
		25230F6A298B34700003C113 /* helpers.h */ = {isa = PBXFileReference; fileEncoding = 4; lastKnownFileType = sourcecode.c.h; path = helpers.h; sourceTree = "<group>"; };
		25230F6B298B34700003C113 /* grant_full_disk_access.h */ = {isa = PBXFileReference; fileEncoding = 4; lastKnownFileType = sourcecode.c.h; path = grant_full_disk_access.h; sourceTree = "<group>"; };
		257348442988BECD00308413 /* StatusMagic.app */ = {isa = PBXFileReference; explicitFileType = wrapper.application; includeInIndex = 0; path = StatusMagic.app; sourceTree = BUILT_PRODUCTS_DIR; };
		257348472988BECD00308413 /* StatusMagicApp.swift */ = {isa = PBXFileReference; lastKnownFileType = sourcecode.swift; path = StatusMagicApp.swift; sourceTree = "<group>"; };
		257348492988BECD00308413 /* ContentView.swift */ = {isa = PBXFileReference; lastKnownFileType = sourcecode.swift; path = ContentView.swift; sourceTree = "<group>"; };
		2573484B2988BECE00308413 /* Assets.xcassets */ = {isa = PBXFileReference; lastKnownFileType = folder.assetcatalog; path = Assets.xcassets; sourceTree = "<group>"; };
		2573484E2988BECE00308413 /* Preview Assets.xcassets */ = {isa = PBXFileReference; lastKnownFileType = folder.assetcatalog; path = "Preview Assets.xcassets"; sourceTree = "<group>"; };
		257348562988C18500308413 /* StatusMagic.entitlements */ = {isa = PBXFileReference; lastKnownFileType = text.plist.entitlements; path = StatusMagic.entitlements; sourceTree = "<group>"; };
		25941880298D2F4F00727EFA /* StatusSetter16_1.h */ = {isa = PBXFileReference; lastKnownFileType = sourcecode.c.h; path = StatusSetter16_1.h; sourceTree = "<group>"; };
		25941881298D2F8D00727EFA /* StatusSetter16_1.m */ = {isa = PBXFileReference; lastKnownFileType = sourcecode.c.objc; path = StatusSetter16_1.m; sourceTree = "<group>"; };
		25CDCA262989BF9A0019B3E8 /* StatusMagic-Bridging-Header.h */ = {isa = PBXFileReference; lastKnownFileType = sourcecode.c.h; path = "StatusMagic-Bridging-Header.h"; sourceTree = "<group>"; };
		25CDCA362989C53E0019B3E8 /* StatusSetter15.h */ = {isa = PBXFileReference; fileEncoding = 4; lastKnownFileType = sourcecode.c.h; path = StatusSetter15.h; sourceTree = "<group>"; };
		25CDCA422989C53E0019B3E8 /* StatusSetter15.m */ = {isa = PBXFileReference; fileEncoding = 4; lastKnownFileType = sourcecode.c.objc; path = StatusSetter15.m; sourceTree = "<group>"; };
		25E790B42989F0E200CBC97E /* Alert++.swift */ = {isa = PBXFileReference; fileEncoding = 4; lastKnownFileType = sourcecode.swift; path = "Alert++.swift"; sourceTree = "<group>"; };
/* End PBXFileReference section */

/* Begin PBXFrameworksBuildPhase section */
		257348412988BECD00308413 /* Frameworks */ = {
			isa = PBXFrameworksBuildPhase;
			buildActionMask = 2147483647;
			files = (
			);
			runOnlyForDeploymentPostprocessing = 0;
		};
/* End PBXFrameworksBuildPhase section */

/* Begin PBXGroup section */
		25230F65298B34700003C113 /* Exploit */ = {
			isa = PBXGroup;
			children = (
				25230F66298B34700003C113 /* vm_unaligned_copy_switch_race.c */,
				25230F67298B34700003C113 /* grant_full_disk_access.m */,
				25230F68298B34700003C113 /* helpers.m */,
				25230F69298B34700003C113 /* vm_unaligned_copy_switch_race.h */,
				25230F6A298B34700003C113 /* helpers.h */,
				25230F6B298B34700003C113 /* grant_full_disk_access.h */,
			);
			path = Exploit;
			sourceTree = "<group>";
		};
		25230F6F298B49210003C113 /* StatusManager */ = {
			isa = PBXGroup;
			children = (
				25941880298D2F4F00727EFA /* StatusSetter16_1.h */,
				25941881298D2F8D00727EFA /* StatusSetter16_1.m */,
				25230F62298B20AB0003C113 /* StatusSetter16.h */,
				25230F5E298B20900003C113 /* StatusSetter16.m */,
				25CDCA362989C53E0019B3E8 /* StatusSetter15.h */,
				25CDCA422989C53E0019B3E8 /* StatusSetter15.m */,
				25230F63298B20B60003C113 /* StatusSetter14.h */,
				25230F60298B20A10003C113 /* StatusSetter14.m */,
				25230F5B298B1BBF0003C113 /* StatusSetter.h */,
				25230F5C298B1ED80003C113 /* StatusManager.m */,
				25230F64298B21CC0003C113 /* StatusManager.h */,
			);
			path = StatusManager;
			sourceTree = "<group>";
		};
		25230F70298B49420003C113 /* Extensions */ = {
			isa = PBXGroup;
			children = (
				25E790B42989F0E200CBC97E /* Alert++.swift */,
			);
			path = Extensions;
			sourceTree = "<group>";
		};
		2573483B2988BECD00308413 = {
			isa = PBXGroup;
			children = (
				257348462988BECD00308413 /* StatusMagic */,
				257348452988BECD00308413 /* Products */,
			);
			sourceTree = "<group>";
		};
		257348452988BECD00308413 /* Products */ = {
			isa = PBXGroup;
			children = (
				257348442988BECD00308413 /* StatusMagic.app */,
			);
			name = Products;
			sourceTree = "<group>";
		};
		257348462988BECD00308413 /* StatusMagic */ = {
			isa = PBXGroup;
			children = (
				257348562988C18500308413 /* StatusMagic.entitlements */,
				25230F70298B49420003C113 /* Extensions */,
				25230F65298B34700003C113 /* Exploit */,
				25230F6F298B49210003C113 /* StatusManager */,
				257348492988BECD00308413 /* ContentView.swift */,
				257348472988BECD00308413 /* StatusMagicApp.swift */,
				2573484B2988BECE00308413 /* Assets.xcassets */,
				2573484D2988BECE00308413 /* Preview Content */,
				25CDCA262989BF9A0019B3E8 /* StatusMagic-Bridging-Header.h */,
			);
			path = StatusMagic;
			sourceTree = "<group>";
		};
		2573484D2988BECE00308413 /* Preview Content */ = {
			isa = PBXGroup;
			children = (
				2573484E2988BECE00308413 /* Preview Assets.xcassets */,
			);
			path = "Preview Content";
			sourceTree = "<group>";
		};
/* End PBXGroup section */

/* Begin PBXNativeTarget section */
		257348432988BECD00308413 /* StatusMagic */ = {
			isa = PBXNativeTarget;
			buildConfigurationList = 257348522988BECE00308413 /* Build configuration list for PBXNativeTarget "StatusMagic" */;
			buildPhases = (
				257348402988BECD00308413 /* Sources */,
				257348412988BECD00308413 /* Frameworks */,
				257348422988BECD00308413 /* Resources */,
			);
			buildRules = (
			);
			dependencies = (
			);
			name = StatusMagic;
			productName = StatusMagic;
			productReference = 257348442988BECD00308413 /* StatusMagic.app */;
			productType = "com.apple.product-type.application";
		};
/* End PBXNativeTarget section */

/* Begin PBXProject section */
		2573483C2988BECD00308413 /* Project object */ = {
			isa = PBXProject;
			attributes = {
				BuildIndependentTargetsInParallel = 1;
				LastSwiftUpdateCheck = 1420;
				LastUpgradeCheck = 1420;
				TargetAttributes = {
					257348432988BECD00308413 = {
						CreatedOnToolsVersion = 14.2;
						LastSwiftMigration = 1420;
					};
				};
			};
			buildConfigurationList = 2573483F2988BECD00308413 /* Build configuration list for PBXProject "StatusMagic" */;
			compatibilityVersion = "Xcode 14.0";
			developmentRegion = en;
			hasScannedForEncodings = 0;
			knownRegions = (
				en,
				Base,
			);
			mainGroup = 2573483B2988BECD00308413;
			productRefGroup = 257348452988BECD00308413 /* Products */;
			projectDirPath = "";
			projectRoot = "";
			targets = (
				257348432988BECD00308413 /* StatusMagic */,
			);
		};
/* End PBXProject section */

/* Begin PBXResourcesBuildPhase section */
		257348422988BECD00308413 /* Resources */ = {
			isa = PBXResourcesBuildPhase;
			buildActionMask = 2147483647;
			files = (
				2573484F2988BECE00308413 /* Preview Assets.xcassets in Resources */,
				2573484C2988BECE00308413 /* Assets.xcassets in Resources */,
			);
			runOnlyForDeploymentPostprocessing = 0;
		};
/* End PBXResourcesBuildPhase section */

/* Begin PBXSourcesBuildPhase section */
		257348402988BECD00308413 /* Sources */ = {
			isa = PBXSourcesBuildPhase;
			buildActionMask = 2147483647;
			files = (
				25941882298D2F8D00727EFA /* StatusSetter16_1.m in Sources */,
				25E790B52989F0E200CBC97E /* Alert++.swift in Sources */,
				25230F5D298B1ED80003C113 /* StatusManager.m in Sources */,
				2573484A2988BECD00308413 /* ContentView.swift in Sources */,
				25CDCA522989C53F0019B3E8 /* StatusSetter15.m in Sources */,
				25230F61298B20A10003C113 /* StatusSetter14.m in Sources */,
				257348482988BECD00308413 /* StatusMagicApp.swift in Sources */,
				25230F6C298B34700003C113 /* vm_unaligned_copy_switch_race.c in Sources */,
				25230F5F298B20900003C113 /* StatusSetter16.m in Sources */,
				25230F6D298B34700003C113 /* grant_full_disk_access.m in Sources */,
				25230F6E298B34700003C113 /* helpers.m in Sources */,
			);
			runOnlyForDeploymentPostprocessing = 0;
		};
/* End PBXSourcesBuildPhase section */

/* Begin XCBuildConfiguration section */
		257348502988BECE00308413 /* Debug */ = {
			isa = XCBuildConfiguration;
			buildSettings = {
				ALWAYS_SEARCH_USER_PATHS = NO;
				CLANG_ANALYZER_NONNULL = YES;
				CLANG_ANALYZER_NUMBER_OBJECT_CONVERSION = YES_AGGRESSIVE;
				CLANG_CXX_LANGUAGE_STANDARD = "gnu++20";
				CLANG_ENABLE_MODULES = YES;
				CLANG_ENABLE_OBJC_ARC = YES;
				CLANG_ENABLE_OBJC_WEAK = YES;
				CLANG_WARN_BLOCK_CAPTURE_AUTORELEASING = YES;
				CLANG_WARN_BOOL_CONVERSION = YES;
				CLANG_WARN_COMMA = YES;
				CLANG_WARN_CONSTANT_CONVERSION = YES;
				CLANG_WARN_DEPRECATED_OBJC_IMPLEMENTATIONS = YES;
				CLANG_WARN_DIRECT_OBJC_ISA_USAGE = YES_ERROR;
				CLANG_WARN_DOCUMENTATION_COMMENTS = YES;
				CLANG_WARN_EMPTY_BODY = YES;
				CLANG_WARN_ENUM_CONVERSION = YES;
				CLANG_WARN_INFINITE_RECURSION = YES;
				CLANG_WARN_INT_CONVERSION = YES;
				CLANG_WARN_NON_LITERAL_NULL_CONVERSION = YES;
				CLANG_WARN_OBJC_IMPLICIT_RETAIN_SELF = YES;
				CLANG_WARN_OBJC_LITERAL_CONVERSION = YES;
				CLANG_WARN_OBJC_ROOT_CLASS = YES_ERROR;
				CLANG_WARN_QUOTED_INCLUDE_IN_FRAMEWORK_HEADER = YES;
				CLANG_WARN_RANGE_LOOP_ANALYSIS = YES;
				CLANG_WARN_STRICT_PROTOTYPES = YES;
				CLANG_WARN_SUSPICIOUS_MOVE = YES;
				CLANG_WARN_UNGUARDED_AVAILABILITY = YES_AGGRESSIVE;
				CLANG_WARN_UNREACHABLE_CODE = YES;
				CLANG_WARN__DUPLICATE_METHOD_MATCH = YES;
				COPY_PHASE_STRIP = NO;
				DEBUG_INFORMATION_FORMAT = dwarf;
				ENABLE_STRICT_OBJC_MSGSEND = YES;
				ENABLE_TESTABILITY = YES;
				GCC_C_LANGUAGE_STANDARD = gnu11;
				GCC_DYNAMIC_NO_PIC = NO;
				GCC_NO_COMMON_BLOCKS = YES;
				GCC_OPTIMIZATION_LEVEL = 0;
				GCC_PREPROCESSOR_DEFINITIONS = (
					"DEBUG=1",
					"$(inherited)",
				);
				GCC_WARN_64_TO_32_BIT_CONVERSION = YES;
				GCC_WARN_ABOUT_RETURN_TYPE = YES_ERROR;
				GCC_WARN_UNDECLARED_SELECTOR = YES;
				GCC_WARN_UNINITIALIZED_AUTOS = YES_AGGRESSIVE;
				GCC_WARN_UNUSED_FUNCTION = YES;
				GCC_WARN_UNUSED_VARIABLE = YES;
				IPHONEOS_DEPLOYMENT_TARGET = 14.0;
				MTL_ENABLE_DEBUG_INFO = INCLUDE_SOURCE;
				MTL_FAST_MATH = YES;
				ONLY_ACTIVE_ARCH = YES;
				SDKROOT = iphoneos;
				SWIFT_ACTIVE_COMPILATION_CONDITIONS = DEBUG;
				SWIFT_OPTIMIZATION_LEVEL = "-Onone";
			};
			name = Debug;
		};
		257348512988BECE00308413 /* Release */ = {
			isa = XCBuildConfiguration;
			buildSettings = {
				ALWAYS_SEARCH_USER_PATHS = NO;
				CLANG_ANALYZER_NONNULL = YES;
				CLANG_ANALYZER_NUMBER_OBJECT_CONVERSION = YES_AGGRESSIVE;
				CLANG_CXX_LANGUAGE_STANDARD = "gnu++20";
				CLANG_ENABLE_MODULES = YES;
				CLANG_ENABLE_OBJC_ARC = YES;
				CLANG_ENABLE_OBJC_WEAK = YES;
				CLANG_WARN_BLOCK_CAPTURE_AUTORELEASING = YES;
				CLANG_WARN_BOOL_CONVERSION = YES;
				CLANG_WARN_COMMA = YES;
				CLANG_WARN_CONSTANT_CONVERSION = YES;
				CLANG_WARN_DEPRECATED_OBJC_IMPLEMENTATIONS = YES;
				CLANG_WARN_DIRECT_OBJC_ISA_USAGE = YES_ERROR;
				CLANG_WARN_DOCUMENTATION_COMMENTS = YES;
				CLANG_WARN_EMPTY_BODY = YES;
				CLANG_WARN_ENUM_CONVERSION = YES;
				CLANG_WARN_INFINITE_RECURSION = YES;
				CLANG_WARN_INT_CONVERSION = YES;
				CLANG_WARN_NON_LITERAL_NULL_CONVERSION = YES;
				CLANG_WARN_OBJC_IMPLICIT_RETAIN_SELF = YES;
				CLANG_WARN_OBJC_LITERAL_CONVERSION = YES;
				CLANG_WARN_OBJC_ROOT_CLASS = YES_ERROR;
				CLANG_WARN_QUOTED_INCLUDE_IN_FRAMEWORK_HEADER = YES;
				CLANG_WARN_RANGE_LOOP_ANALYSIS = YES;
				CLANG_WARN_STRICT_PROTOTYPES = YES;
				CLANG_WARN_SUSPICIOUS_MOVE = YES;
				CLANG_WARN_UNGUARDED_AVAILABILITY = YES_AGGRESSIVE;
				CLANG_WARN_UNREACHABLE_CODE = YES;
				CLANG_WARN__DUPLICATE_METHOD_MATCH = YES;
				COPY_PHASE_STRIP = NO;
				DEBUG_INFORMATION_FORMAT = "dwarf-with-dsym";
				ENABLE_NS_ASSERTIONS = NO;
				ENABLE_STRICT_OBJC_MSGSEND = YES;
				GCC_C_LANGUAGE_STANDARD = gnu11;
				GCC_NO_COMMON_BLOCKS = YES;
				GCC_WARN_64_TO_32_BIT_CONVERSION = YES;
				GCC_WARN_ABOUT_RETURN_TYPE = YES_ERROR;
				GCC_WARN_UNDECLARED_SELECTOR = YES;
				GCC_WARN_UNINITIALIZED_AUTOS = YES_AGGRESSIVE;
				GCC_WARN_UNUSED_FUNCTION = YES;
				GCC_WARN_UNUSED_VARIABLE = YES;
				IPHONEOS_DEPLOYMENT_TARGET = 14.0;
				MTL_ENABLE_DEBUG_INFO = NO;
				MTL_FAST_MATH = YES;
				SDKROOT = iphoneos;
				SWIFT_COMPILATION_MODE = wholemodule;
				SWIFT_OPTIMIZATION_LEVEL = "-O";
				VALIDATE_PRODUCT = YES;
			};
			name = Release;
		};
		257348532988BECE00308413 /* Debug */ = {
			isa = XCBuildConfiguration;
			buildSettings = {
				ASSETCATALOG_COMPILER_APPICON_NAME = AppIcon;
				ASSETCATALOG_COMPILER_GLOBAL_ACCENT_COLOR_NAME = AccentColor;
				CLANG_ENABLE_MODULES = YES;
				CODE_SIGN_ENTITLEMENTS = StatusMagic/StatusMagic.entitlements;
				CODE_SIGN_STYLE = Automatic;
				CURRENT_PROJECT_VERSION = 1;
				DEVELOPMENT_ASSET_PATHS = "\"StatusMagic/Preview Content\"";
				DEVELOPMENT_TEAM = U67AKNW8PW;
				ENABLE_PREVIEWS = YES;
				GENERATE_INFOPLIST_FILE = YES;
				INFOPLIST_KEY_CFBundleDisplayName = StatusMagic;
				INFOPLIST_KEY_NSAppleMusicUsageDescription = "Tap \"OK\" to continue.";
				INFOPLIST_KEY_UIApplicationSceneManifest_Generation = YES;
				INFOPLIST_KEY_UIApplicationSupportsIndirectInputEvents = YES;
				INFOPLIST_KEY_UILaunchScreen_Generation = YES;
				INFOPLIST_KEY_UISupportedInterfaceOrientations = UIInterfaceOrientationPortrait;
				INFOPLIST_KEY_UISupportedInterfaceOrientations_iPad = "UIInterfaceOrientationLandscapeLeft UIInterfaceOrientationLandscapeRight UIInterfaceOrientationPortrait UIInterfaceOrientationPortraitUpsideDown";
				LD_RUNPATH_SEARCH_PATHS = (
					"$(inherited)",
					"@executable_path/Frameworks",
				);
				MARKETING_VERSION = 1.0.1;
				PRODUCT_BUNDLE_IDENTIFIER = com.avangelista.StatusMagic;
				PRODUCT_NAME = "$(TARGET_NAME)";
				SUPPORTED_PLATFORMS = "iphoneos iphonesimulator";
				SUPPORTS_MACCATALYST = NO;
				SUPPORTS_MAC_DESIGNED_FOR_IPHONE_IPAD = NO;
				SWIFT_EMIT_LOC_STRINGS = YES;
				SWIFT_OBJC_BRIDGING_HEADER = "StatusMagic/StatusMagic-Bridging-Header.h";
				SWIFT_OPTIMIZATION_LEVEL = "-Onone";
				SWIFT_VERSION = 5.0;
				TARGETED_DEVICE_FAMILY = "1,2";
			};
			name = Debug;
		};
		257348542988BECE00308413 /* Release */ = {
			isa = XCBuildConfiguration;
			buildSettings = {
				ASSETCATALOG_COMPILER_APPICON_NAME = AppIcon;
				ASSETCATALOG_COMPILER_GLOBAL_ACCENT_COLOR_NAME = AccentColor;
				CLANG_ENABLE_MODULES = YES;
				CODE_SIGN_ENTITLEMENTS = StatusMagic/StatusMagic.entitlements;
				CODE_SIGN_STYLE = Automatic;
				CURRENT_PROJECT_VERSION = 1;
				DEVELOPMENT_ASSET_PATHS = "\"StatusMagic/Preview Content\"";
				DEVELOPMENT_TEAM = U67AKNW8PW;
				ENABLE_PREVIEWS = YES;
				GENERATE_INFOPLIST_FILE = YES;
				INFOPLIST_KEY_CFBundleDisplayName = StatusMagic;
				INFOPLIST_KEY_NSAppleMusicUsageDescription = "Tap \"OK\" to continue.";
				INFOPLIST_KEY_UIApplicationSceneManifest_Generation = YES;
				INFOPLIST_KEY_UIApplicationSupportsIndirectInputEvents = YES;
				INFOPLIST_KEY_UILaunchScreen_Generation = YES;
				INFOPLIST_KEY_UISupportedInterfaceOrientations = UIInterfaceOrientationPortrait;
				INFOPLIST_KEY_UISupportedInterfaceOrientations_iPad = "UIInterfaceOrientationLandscapeLeft UIInterfaceOrientationLandscapeRight UIInterfaceOrientationPortrait UIInterfaceOrientationPortraitUpsideDown";
				LD_RUNPATH_SEARCH_PATHS = (
					"$(inherited)",
					"@executable_path/Frameworks",
				);
				MARKETING_VERSION = 1.0.1;
				PRODUCT_BUNDLE_IDENTIFIER = com.avangelista.StatusMagic;
				PRODUCT_NAME = "$(TARGET_NAME)";
				SUPPORTED_PLATFORMS = "iphoneos iphonesimulator";
				SUPPORTS_MACCATALYST = NO;
				SUPPORTS_MAC_DESIGNED_FOR_IPHONE_IPAD = NO;
				SWIFT_EMIT_LOC_STRINGS = YES;
				SWIFT_OBJC_BRIDGING_HEADER = "StatusMagic/StatusMagic-Bridging-Header.h";
				SWIFT_VERSION = 5.0;
				TARGETED_DEVICE_FAMILY = "1,2";
			};
			name = Release;
		};
/* End XCBuildConfiguration section */

/* Begin XCConfigurationList section */
		2573483F2988BECD00308413 /* Build configuration list for PBXProject "StatusMagic" */ = {
			isa = XCConfigurationList;
			buildConfigurations = (
				257348502988BECE00308413 /* Debug */,
				257348512988BECE00308413 /* Release */,
			);
			defaultConfigurationIsVisible = 0;
			defaultConfigurationName = Release;
		};
		257348522988BECE00308413 /* Build configuration list for PBXNativeTarget "StatusMagic" */ = {
			isa = XCConfigurationList;
			buildConfigurations = (
				257348532988BECE00308413 /* Debug */,
				257348542988BECE00308413 /* Release */,
			);
			defaultConfigurationIsVisible = 0;
			defaultConfigurationName = Release;
		};
/* End XCConfigurationList section */
	};
	rootObject = 2573483C2988BECD00308413 /* Project object */;
}
